
Microsoft Visual Studio Solution File, Format Version 12.00
# Visual Studio Version 17
VisualStudioVersion = 17.3.32811.315
MinimumVisualStudioVersion = 10.0.40219.1
Project("{8BC9CEB8-8B4A-11D0-8D11-00A0C91BC942}") = "Optimized Engima", "Optimized Engima\Optimized Engima.vcxproj", "{9859C44E-39B1-433E-A146-76720C9AE2B9}"
EndProject
Global
	GlobalSection(SolutionConfigurationPlatforms) = preSolution
		Debug|x64 = Debug|x64
		Debug|x86 = Debug|x86
		Release|x64 = Release|x64
		Release|x86 = Release|x86
	EndGlobalSection
	GlobalSection(ProjectConfigurationPlatforms) = postSolution
		{9859C44E-39B1-433E-A146-76720C9AE2B9}.Debug|x64.ActiveCfg = Debug|x64
		{9859C44E-39B1-433E-A146-76720C9AE2B9}.Debug|x64.Build.0 = Debug|x64
		{9859C44E-39B1-433E-A146-76720C9AE2B9}.Debug|x86.ActiveCfg = Debug|Win32
		{9859C44E-39B1-433E-A146-76720C9AE2B9}.Debug|x86.Build.0 = Debug|Win32
		{9859C44E-39B1-433E-A146-76720C9AE2B9}.Release|x64.ActiveCfg = Release|x64
		{9859C44E-39B1-433E-A146-76720C9AE2B9}.Release|x64.Build.0 = Release|x64
		{9859C44E-39B1-433E-A146-76720C9AE2B9}.Release|x86.ActiveCfg = Release|Win32
		{9859C44E-39B1-433E-A146-76720C9AE2B9}.Release|x86.Build.0 = Release|Win32
	EndGlobalSection
	GlobalSection(SolutionProperties) = preSolution
		HideSolutionNode = FALSE
	EndGlobalSection
	GlobalSection(ExtensibilityGlobals) = postSolution
		SolutionGuid = {BBCC72E4-9EF9-40A0-9A4C-35C4392061BA}
	EndGlobalSection
EndGlobal
